
Microsoft Visual Studio Solution File, Format Version 12.00
# Visual Studio Version 17
VisualStudioVersion = 17.0.31903.59
MinimumVisualStudioVersion = 10.0.40219.1
Project("{9A19103F-16F7-4668-BE54-9A1E7A4F7556}") = "SavannahStack", "SavannahStack\SavannahStack.csproj", "{C9257430-96A7-4844-AAF4-E7E4399D7F49}"
EndProject
Project("{9A19103F-16F7-4668-BE54-9A1E7A4F7556}") = "SavannahStack.Test", "SavannahStack.Test\SavannahStack.Test.csproj", "{FA2C6620-6824-4344-9C55-BE735D6BBCEB}"
EndProject
Project("{FAE04EC0-301F-11D3-BF4B-00C04F79EFBC}") = "SavannahStack.ConsoleApp", "SavannahStack.ConsoleApp\SavannahStack.ConsoleApp.csproj", "{DF6029C1-96CE-4572-B8D2-B288C6A90488}"
EndProject
Global
	GlobalSection(SolutionConfigurationPlatforms) = preSolution
		Debug|Any CPU = Debug|Any CPU
		Release|Any CPU = Release|Any CPU
	EndGlobalSection
	GlobalSection(ProjectConfigurationPlatforms) = postSolution
		{C9257430-96A7-4844-AAF4-E7E4399D7F49}.Debug|Any CPU.ActiveCfg = Debug|Any CPU
		{C9257430-96A7-4844-AAF4-E7E4399D7F49}.Debug|Any CPU.Build.0 = Debug|Any CPU
		{C9257430-96A7-4844-AAF4-E7E4399D7F49}.Release|Any CPU.ActiveCfg = Release|Any CPU
		{C9257430-96A7-4844-AAF4-E7E4399D7F49}.Release|Any CPU.Build.0 = Release|Any CPU
		{FA2C6620-6824-4344-9C55-BE735D6BBCEB}.Debug|Any CPU.ActiveCfg = Debug|Any CPU
		{FA2C6620-6824-4344-9C55-BE735D6BBCEB}.Debug|Any CPU.Build.0 = Debug|Any CPU
		{FA2C6620-6824-4344-9C55-BE735D6BBCEB}.Release|Any CPU.ActiveCfg = Release|Any CPU
		{FA2C6620-6824-4344-9C55-BE735D6BBCEB}.Release|Any CPU.Build.0 = Release|Any CPU
		{DF6029C1-96CE-4572-B8D2-B288C6A90488}.Debug|Any CPU.ActiveCfg = Debug|Any CPU
		{DF6029C1-96CE-4572-B8D2-B288C6A90488}.Debug|Any CPU.Build.0 = Debug|Any CPU
		{DF6029C1-96CE-4572-B8D2-B288C6A90488}.Release|Any CPU.ActiveCfg = Release|Any CPU
		{DF6029C1-96CE-4572-B8D2-B288C6A90488}.Release|Any CPU.Build.0 = Release|Any CPU
	EndGlobalSection
	GlobalSection(SolutionProperties) = preSolution
		HideSolutionNode = FALSE
	EndGlobalSection
	GlobalSection(ExtensibilityGlobals) = postSolution
		SolutionGuid = {489888B7-49EA-40BE-A93C-FEB0C89C331B}
	EndGlobalSection
EndGlobal
